// !$*UTF8*$!
{
	archiveVersion = 1;
	classes = {
	};
	objectVersion = 50;
	objects = {

/* Begin PBXBuildFile section */
		E01FE3DA21B93A1900519D06 /* Day06PuzzleInput.swift in Sources */ = {isa = PBXBuildFile; fileRef = E01FE3D921B93A1900519D06 /* Day06PuzzleInput.swift */; };
		E01FE3DC21B93A2200519D06 /* Day06.swift in Sources */ = {isa = PBXBuildFile; fileRef = E01FE3DB21B93A2200519D06 /* Day06.swift */; };
		E01FE3DF21B93B8000519D06 /* Point2D.swift in Sources */ = {isa = PBXBuildFile; fileRef = E01FE3DE21B93B8000519D06 /* Point2D.swift */; };
		E02CB3D121BE934900CABAD5 /* Day10PuzzleInput.swift in Sources */ = {isa = PBXBuildFile; fileRef = E02CB3D021BE934900CABAD5 /* Day10PuzzleInput.swift */; };
		E02CB3D321BE935200CABAD5 /* Day10.swift in Sources */ = {isa = PBXBuildFile; fileRef = E02CB3D221BE935200CABAD5 /* Day10.swift */; };
		E02CB3D521BE947700CABAD5 /* Particle2D.swift in Sources */ = {isa = PBXBuildFile; fileRef = E02CB3D421BE947700CABAD5 /* Particle2D.swift */; };
		E03684FD21B7F3E900CD589A /* Day05PuzzleInput.swift in Sources */ = {isa = PBXBuildFile; fileRef = E03684FC21B7F3E900CD589A /* Day05PuzzleInput.swift */; };
		E03684FF21B7F3F400CD589A /* Day05.swift in Sources */ = {isa = PBXBuildFile; fileRef = E03684FE21B7F3F400CD589A /* Day05.swift */; };
		E0648FBC21B5546C000105DE /* Day03PuzzleInput.swift in Sources */ = {isa = PBXBuildFile; fileRef = E0648FBB21B5546C000105DE /* Day03PuzzleInput.swift */; };
		E0648FBE21B55475000105DE /* Day03.swift in Sources */ = {isa = PBXBuildFile; fileRef = E0648FBD21B55475000105DE /* Day03.swift */; };
		E07BB3E621BD4978003AF648 /* Day09PuzzleInput.swift in Sources */ = {isa = PBXBuildFile; fileRef = E07BB3E521BD4978003AF648 /* Day09PuzzleInput.swift */; };
		E07BB3E821BD4984003AF648 /* Day09.swift in Sources */ = {isa = PBXBuildFile; fileRef = E07BB3E721BD4984003AF648 /* Day09.swift */; };
		E0A56F8021C6A04200E400C5 /* Day16PuzzleInput.swift in Sources */ = {isa = PBXBuildFile; fileRef = E0A56F7F21C6A04200E400C5 /* Day16PuzzleInput.swift */; };
		E0A56F8221C6A04E00E400C5 /* Day16.swift in Sources */ = {isa = PBXBuildFile; fileRef = E0A56F8121C6A04E00E400C5 /* Day16.swift */; };
		E0B9868D21B2B78E00649A62 /* main.swift in Sources */ = {isa = PBXBuildFile; fileRef = E0B9868C21B2B78E00649A62 /* main.swift */; };
		E0B9869621B2B87B00649A62 /* Day01.swift in Sources */ = {isa = PBXBuildFile; fileRef = E0B9869521B2B87B00649A62 /* Day01.swift */; };
		E0B9869821B2B89800649A62 /* Day01PuzzleInput.swift in Sources */ = {isa = PBXBuildFile; fileRef = E0B9869721B2B89800649A62 /* Day01PuzzleInput.swift */; };
		E0BAB0BF21C553800079916F /* Day15PuzzleInput.swift in Sources */ = {isa = PBXBuildFile; fileRef = E0BAB0BE21C553800079916F /* Day15PuzzleInput.swift */; };
		E0BAB0C121C5538D0079916F /* Day15.swift in Sources */ = {isa = PBXBuildFile; fileRef = E0BAB0C021C5538D0079916F /* Day15.swift */; };
		E0D0C48221B41E01001F231F /* Day02.swift in Sources */ = {isa = PBXBuildFile; fileRef = E0D0C48121B41E01001F231F /* Day02.swift */; };
		E0D0C48421B41E14001F231F /* Day02PuzzleInput.swift in Sources */ = {isa = PBXBuildFile; fileRef = E0D0C48321B41E14001F231F /* Day02PuzzleInput.swift */; };
		E0D0C48721B4310B001F231F /* StringExtensions.swift in Sources */ = {isa = PBXBuildFile; fileRef = E0D0C48621B4310B001F231F /* StringExtensions.swift */; };
		E0D46C8621BBEDB6006C21DB /* Day08PuzzleInput.swift in Sources */ = {isa = PBXBuildFile; fileRef = E0D46C8521BBEDB6006C21DB /* Day08PuzzleInput.swift */; };
		E0D46C8821BBEDC0006C21DB /* Day08.swift in Sources */ = {isa = PBXBuildFile; fileRef = E0D46C8721BBEDC0006C21DB /* Day08.swift */; };
		F00659F121C7FDC50045DAB5 /* Day17PuzzleInput.swift in Sources */ = {isa = PBXBuildFile; fileRef = F00659F021C7FDC50045DAB5 /* Day17PuzzleInput.swift */; };
		F00659F321C7FDD30045DAB5 /* Day17.swift in Sources */ = {isa = PBXBuildFile; fileRef = F00659F221C7FDD30045DAB5 /* Day17.swift */; };
		F033431521C2CAB300A0B3A7 /* Day13PuzzleInput.swift in Sources */ = {isa = PBXBuildFile; fileRef = F033431421C2CAB300A0B3A7 /* Day13PuzzleInput.swift */; };
		F033431721C2CABD00A0B3A7 /* Day13.swift in Sources */ = {isa = PBXBuildFile; fileRef = F033431621C2CABD00A0B3A7 /* Day13.swift */; };
		F05846DB21CA990200BC9D63 /* Day19PuzzleInput.swift in Sources */ = {isa = PBXBuildFile; fileRef = F05846DA21CA990200BC9D63 /* Day19PuzzleInput.swift */; };
		F05846DD21CA990A00BC9D63 /* Day19.swift in Sources */ = {isa = PBXBuildFile; fileRef = F05846DC21CA990A00BC9D63 /* Day19.swift */; };
		F0840D9321CBE32B003286E9 /* Day20PuzzleInput.swift in Sources */ = {isa = PBXBuildFile; fileRef = F0840D9221CBE32B003286E9 /* Day20PuzzleInput.swift */; };
		F0840D9521CBE335003286E9 /* Day20.swift in Sources */ = {isa = PBXBuildFile; fileRef = F0840D9421CBE335003286E9 /* Day20.swift */; };
		F0840D9721CC0E9F003286E9 /* Stack.swift in Sources */ = {isa = PBXBuildFile; fileRef = F0840D9621CC0E9F003286E9 /* Stack.swift */; };
		F099F1F821B6C02F00D37DE7 /* Day04PuzzleInput.swift in Sources */ = {isa = PBXBuildFile; fileRef = F099F1F721B6C02F00D37DE7 /* Day04PuzzleInput.swift */; };
		F099F1FA21B6C03C00D37DE7 /* Day04.swift in Sources */ = {isa = PBXBuildFile; fileRef = F099F1F921B6C03C00D37DE7 /* Day04.swift */; };
		F0A30D7B21C404FC00965952 /* Day14PuzzleInput.swift in Sources */ = {isa = PBXBuildFile; fileRef = F0A30D7A21C404FB00965952 /* Day14PuzzleInput.swift */; };
		F0A30D7D21C4050A00965952 /* Day14.swift in Sources */ = {isa = PBXBuildFile; fileRef = F0A30D7C21C4050A00965952 /* Day14.swift */; };
		F0C503EF21BEABB700654408 /* Rect2D.swift in Sources */ = {isa = PBXBuildFile; fileRef = F0C503EE21BEABB700654408 /* Rect2D.swift */; };
		F0CD607521CD2DCE00D8EBA2 /* Day21PuzzleInput.swift in Sources */ = {isa = PBXBuildFile; fileRef = F0CD607421CD2DCE00D8EBA2 /* Day21PuzzleInput.swift */; };
		F0CD607721CD2DD800D8EBA2 /* Day21.swift in Sources */ = {isa = PBXBuildFile; fileRef = F0CD607621CD2DD800D8EBA2 /* Day21.swift */; };
		F0D5A58B21BAB3EF0085C5C2 /* Day07PuzzleInput.swift in Sources */ = {isa = PBXBuildFile; fileRef = F0D5A58A21BAB3EF0085C5C2 /* Day07PuzzleInput.swift */; };
		F0D5A58D21BAB3FB0085C5C2 /* Day07.swift in Sources */ = {isa = PBXBuildFile; fileRef = F0D5A58C21BAB3FB0085C5C2 /* Day07.swift */; };
		F0E550E321C97F0F00BCC754 /* Day18PuzzleInput.swift in Sources */ = {isa = PBXBuildFile; fileRef = F0E550E221C97F0F00BCC754 /* Day18PuzzleInput.swift */; };
		F0E550E521C97F1700BCC754 /* Day18.swift in Sources */ = {isa = PBXBuildFile; fileRef = F0E550E421C97F1700BCC754 /* Day18.swift */; };
		F0F9A34A21C16D8B00C4A5EA /* Day12PuzzleInput.swift in Sources */ = {isa = PBXBuildFile; fileRef = F0F9A34921C16D8B00C4A5EA /* Day12PuzzleInput.swift */; };
		F0F9A34C21C16D9400C4A5EA /* Day12.swift in Sources */ = {isa = PBXBuildFile; fileRef = F0F9A34B21C16D9400C4A5EA /* Day12.swift */; };
		F0FB0A8521BFF88400624F17 /* Day11PuzzleInput.swift in Sources */ = {isa = PBXBuildFile; fileRef = F0FB0A8421BFF88400624F17 /* Day11PuzzleInput.swift */; };
		F0FB0A8721BFF88D00624F17 /* Day11.swift in Sources */ = {isa = PBXBuildFile; fileRef = F0FB0A8621BFF88D00624F17 /* Day11.swift */; };
/* End PBXBuildFile section */

/* Begin PBXCopyFilesBuildPhase section */
		E0B9868721B2B78E00649A62 /* CopyFiles */ = {
			isa = PBXCopyFilesBuildPhase;
			buildActionMask = 2147483647;
			dstPath = /usr/share/man/man1/;
			dstSubfolderSpec = 0;
			files = (
			);
			runOnlyForDeploymentPostprocessing = 1;
		};
/* End PBXCopyFilesBuildPhase section */

/* Begin PBXFileReference section */
		E01FE3D921B93A1900519D06 /* Day06PuzzleInput.swift */ = {isa = PBXFileReference; lastKnownFileType = sourcecode.swift; path = Day06PuzzleInput.swift; sourceTree = "<group>"; };
		E01FE3DB21B93A2200519D06 /* Day06.swift */ = {isa = PBXFileReference; lastKnownFileType = sourcecode.swift; path = Day06.swift; sourceTree = "<group>"; };
		E01FE3DE21B93B8000519D06 /* Point2D.swift */ = {isa = PBXFileReference; lastKnownFileType = sourcecode.swift; path = Point2D.swift; sourceTree = "<group>"; };
		E02CB3D021BE934900CABAD5 /* Day10PuzzleInput.swift */ = {isa = PBXFileReference; lastKnownFileType = sourcecode.swift; path = Day10PuzzleInput.swift; sourceTree = "<group>"; };
		E02CB3D221BE935200CABAD5 /* Day10.swift */ = {isa = PBXFileReference; lastKnownFileType = sourcecode.swift; path = Day10.swift; sourceTree = "<group>"; };
		E02CB3D421BE947700CABAD5 /* Particle2D.swift */ = {isa = PBXFileReference; lastKnownFileType = sourcecode.swift; path = Particle2D.swift; sourceTree = "<group>"; };
		E03684FC21B7F3E900CD589A /* Day05PuzzleInput.swift */ = {isa = PBXFileReference; lastKnownFileType = sourcecode.swift; path = Day05PuzzleInput.swift; sourceTree = "<group>"; };
		E03684FE21B7F3F400CD589A /* Day05.swift */ = {isa = PBXFileReference; lastKnownFileType = sourcecode.swift; path = Day05.swift; sourceTree = "<group>"; };
		E0648FBB21B5546C000105DE /* Day03PuzzleInput.swift */ = {isa = PBXFileReference; lastKnownFileType = sourcecode.swift; path = Day03PuzzleInput.swift; sourceTree = "<group>"; };
		E0648FBD21B55475000105DE /* Day03.swift */ = {isa = PBXFileReference; lastKnownFileType = sourcecode.swift; path = Day03.swift; sourceTree = "<group>"; };
		E07BB3E521BD4978003AF648 /* Day09PuzzleInput.swift */ = {isa = PBXFileReference; lastKnownFileType = sourcecode.swift; path = Day09PuzzleInput.swift; sourceTree = "<group>"; };
		E07BB3E721BD4984003AF648 /* Day09.swift */ = {isa = PBXFileReference; lastKnownFileType = sourcecode.swift; path = Day09.swift; sourceTree = "<group>"; };
		E0A56F7F21C6A04200E400C5 /* Day16PuzzleInput.swift */ = {isa = PBXFileReference; lastKnownFileType = sourcecode.swift; path = Day16PuzzleInput.swift; sourceTree = "<group>"; };
		E0A56F8121C6A04E00E400C5 /* Day16.swift */ = {isa = PBXFileReference; lastKnownFileType = sourcecode.swift; path = Day16.swift; sourceTree = "<group>"; };
		E0B9868921B2B78E00649A62 /* AdventOfCode2018 */ = {isa = PBXFileReference; explicitFileType = "compiled.mach-o.executable"; includeInIndex = 0; path = AdventOfCode2018; sourceTree = BUILT_PRODUCTS_DIR; };
		E0B9868C21B2B78E00649A62 /* main.swift */ = {isa = PBXFileReference; lastKnownFileType = sourcecode.swift; path = main.swift; sourceTree = "<group>"; };
		E0B9869521B2B87B00649A62 /* Day01.swift */ = {isa = PBXFileReference; lastKnownFileType = sourcecode.swift; path = Day01.swift; sourceTree = "<group>"; };
		E0B9869721B2B89800649A62 /* Day01PuzzleInput.swift */ = {isa = PBXFileReference; lastKnownFileType = sourcecode.swift; path = Day01PuzzleInput.swift; sourceTree = "<group>"; };
		E0BAB0BE21C553800079916F /* Day15PuzzleInput.swift */ = {isa = PBXFileReference; lastKnownFileType = sourcecode.swift; path = Day15PuzzleInput.swift; sourceTree = "<group>"; };
		E0BAB0C021C5538D0079916F /* Day15.swift */ = {isa = PBXFileReference; lastKnownFileType = sourcecode.swift; path = Day15.swift; sourceTree = "<group>"; };
		E0D0C48121B41E01001F231F /* Day02.swift */ = {isa = PBXFileReference; lastKnownFileType = sourcecode.swift; path = Day02.swift; sourceTree = "<group>"; };
		E0D0C48321B41E14001F231F /* Day02PuzzleInput.swift */ = {isa = PBXFileReference; lastKnownFileType = sourcecode.swift; path = Day02PuzzleInput.swift; sourceTree = "<group>"; };
		E0D0C48621B4310B001F231F /* StringExtensions.swift */ = {isa = PBXFileReference; lastKnownFileType = sourcecode.swift; path = StringExtensions.swift; sourceTree = "<group>"; };
		E0D46C8521BBEDB6006C21DB /* Day08PuzzleInput.swift */ = {isa = PBXFileReference; lastKnownFileType = sourcecode.swift; path = Day08PuzzleInput.swift; sourceTree = "<group>"; };
		E0D46C8721BBEDC0006C21DB /* Day08.swift */ = {isa = PBXFileReference; lastKnownFileType = sourcecode.swift; path = Day08.swift; sourceTree = "<group>"; };
		F00659F021C7FDC50045DAB5 /* Day17PuzzleInput.swift */ = {isa = PBXFileReference; lastKnownFileType = sourcecode.swift; path = Day17PuzzleInput.swift; sourceTree = "<group>"; };
		F00659F221C7FDD30045DAB5 /* Day17.swift */ = {isa = PBXFileReference; lastKnownFileType = sourcecode.swift; path = Day17.swift; sourceTree = "<group>"; };
		F033431421C2CAB300A0B3A7 /* Day13PuzzleInput.swift */ = {isa = PBXFileReference; lastKnownFileType = sourcecode.swift; path = Day13PuzzleInput.swift; sourceTree = "<group>"; };
		F033431621C2CABD00A0B3A7 /* Day13.swift */ = {isa = PBXFileReference; lastKnownFileType = sourcecode.swift; path = Day13.swift; sourceTree = "<group>"; };
		F05846DA21CA990200BC9D63 /* Day19PuzzleInput.swift */ = {isa = PBXFileReference; lastKnownFileType = sourcecode.swift; path = Day19PuzzleInput.swift; sourceTree = "<group>"; };
		F05846DC21CA990A00BC9D63 /* Day19.swift */ = {isa = PBXFileReference; lastKnownFileType = sourcecode.swift; path = Day19.swift; sourceTree = "<group>"; };
		F0840D9221CBE32B003286E9 /* Day20PuzzleInput.swift */ = {isa = PBXFileReference; lastKnownFileType = sourcecode.swift; path = Day20PuzzleInput.swift; sourceTree = "<group>"; };
		F0840D9421CBE335003286E9 /* Day20.swift */ = {isa = PBXFileReference; lastKnownFileType = sourcecode.swift; path = Day20.swift; sourceTree = "<group>"; };
		F0840D9621CC0E9F003286E9 /* Stack.swift */ = {isa = PBXFileReference; lastKnownFileType = sourcecode.swift; path = Stack.swift; sourceTree = "<group>"; };
		F099F1F721B6C02F00D37DE7 /* Day04PuzzleInput.swift */ = {isa = PBXFileReference; lastKnownFileType = sourcecode.swift; path = Day04PuzzleInput.swift; sourceTree = "<group>"; };
		F099F1F921B6C03C00D37DE7 /* Day04.swift */ = {isa = PBXFileReference; lastKnownFileType = sourcecode.swift; path = Day04.swift; sourceTree = "<group>"; };
		F0A30D7A21C404FB00965952 /* Day14PuzzleInput.swift */ = {isa = PBXFileReference; lastKnownFileType = sourcecode.swift; path = Day14PuzzleInput.swift; sourceTree = "<group>"; };
		F0A30D7C21C4050A00965952 /* Day14.swift */ = {isa = PBXFileReference; lastKnownFileType = sourcecode.swift; path = Day14.swift; sourceTree = "<group>"; };
		F0C503EE21BEABB700654408 /* Rect2D.swift */ = {isa = PBXFileReference; lastKnownFileType = sourcecode.swift; path = Rect2D.swift; sourceTree = "<group>"; };
		F0CD607421CD2DCE00D8EBA2 /* Day21PuzzleInput.swift */ = {isa = PBXFileReference; lastKnownFileType = sourcecode.swift; path = Day21PuzzleInput.swift; sourceTree = "<group>"; };
		F0CD607621CD2DD800D8EBA2 /* Day21.swift */ = {isa = PBXFileReference; lastKnownFileType = sourcecode.swift; path = Day21.swift; sourceTree = "<group>"; };
		F0D5A58A21BAB3EF0085C5C2 /* Day07PuzzleInput.swift */ = {isa = PBXFileReference; lastKnownFileType = sourcecode.swift; path = Day07PuzzleInput.swift; sourceTree = "<group>"; };
		F0D5A58C21BAB3FB0085C5C2 /* Day07.swift */ = {isa = PBXFileReference; lastKnownFileType = sourcecode.swift; path = Day07.swift; sourceTree = "<group>"; };
		F0E550E221C97F0F00BCC754 /* Day18PuzzleInput.swift */ = {isa = PBXFileReference; lastKnownFileType = sourcecode.swift; path = Day18PuzzleInput.swift; sourceTree = "<group>"; };
		F0E550E421C97F1700BCC754 /* Day18.swift */ = {isa = PBXFileReference; lastKnownFileType = sourcecode.swift; path = Day18.swift; sourceTree = "<group>"; };
		F0F9A34921C16D8B00C4A5EA /* Day12PuzzleInput.swift */ = {isa = PBXFileReference; lastKnownFileType = sourcecode.swift; path = Day12PuzzleInput.swift; sourceTree = "<group>"; };
		F0F9A34B21C16D9400C4A5EA /* Day12.swift */ = {isa = PBXFileReference; lastKnownFileType = sourcecode.swift; path = Day12.swift; sourceTree = "<group>"; };
		F0FB0A8421BFF88400624F17 /* Day11PuzzleInput.swift */ = {isa = PBXFileReference; lastKnownFileType = sourcecode.swift; path = Day11PuzzleInput.swift; sourceTree = "<group>"; };
		F0FB0A8621BFF88D00624F17 /* Day11.swift */ = {isa = PBXFileReference; lastKnownFileType = sourcecode.swift; path = Day11.swift; sourceTree = "<group>"; };
/* End PBXFileReference section */

/* Begin PBXFrameworksBuildPhase section */
		E0B9868621B2B78E00649A62 /* Frameworks */ = {
			isa = PBXFrameworksBuildPhase;
			buildActionMask = 2147483647;
			files = (
			);
			runOnlyForDeploymentPostprocessing = 0;
		};
/* End PBXFrameworksBuildPhase section */

/* Begin PBXGroup section */
		E01FE3DD21B93B6A00519D06 /* Structures */ = {
			isa = PBXGroup;
			children = (
				E01FE3DE21B93B8000519D06 /* Point2D.swift */,
				E02CB3D421BE947700CABAD5 /* Particle2D.swift */,
				F0C503EE21BEABB700654408 /* Rect2D.swift */,
				F0840D9621CC0E9F003286E9 /* Stack.swift */,
			);
			path = Structures;
			sourceTree = "<group>";
		};
		E0B9868021B2B78E00649A62 = {
			isa = PBXGroup;
			children = (
				E0B9868B21B2B78E00649A62 /* AdventOfCode2018 */,
				E0B9868A21B2B78E00649A62 /* Products */,
			);
			sourceTree = "<group>";
		};
		E0B9868A21B2B78E00649A62 /* Products */ = {
			isa = PBXGroup;
			children = (
				E0B9868921B2B78E00649A62 /* AdventOfCode2018 */,
			);
			name = Products;
			sourceTree = "<group>";
		};
		E0B9868B21B2B78E00649A62 /* AdventOfCode2018 */ = {
			isa = PBXGroup;
			children = (
				E01FE3DD21B93B6A00519D06 /* Structures */,
				E0D0C48521B430FA001F231F /* Extensions */,
				E0B9869421B2B85C00649A62 /* Puzzle input */,
				E0B9869321B2B84C00649A62 /* Puzzles */,
				E0B9868C21B2B78E00649A62 /* main.swift */,
			);
			path = AdventOfCode2018;
			sourceTree = "<group>";
		};
		E0B9869321B2B84C00649A62 /* Puzzles */ = {
			isa = PBXGroup;
			children = (
				E0B9869521B2B87B00649A62 /* Day01.swift */,
				E0D0C48121B41E01001F231F /* Day02.swift */,
				E0648FBD21B55475000105DE /* Day03.swift */,
				F099F1F921B6C03C00D37DE7 /* Day04.swift */,
				E03684FE21B7F3F400CD589A /* Day05.swift */,
				E01FE3DB21B93A2200519D06 /* Day06.swift */,
				F0D5A58C21BAB3FB0085C5C2 /* Day07.swift */,
				E0D46C8721BBEDC0006C21DB /* Day08.swift */,
				E07BB3E721BD4984003AF648 /* Day09.swift */,
				E02CB3D221BE935200CABAD5 /* Day10.swift */,
				F0FB0A8621BFF88D00624F17 /* Day11.swift */,
				F0F9A34B21C16D9400C4A5EA /* Day12.swift */,
				F033431621C2CABD00A0B3A7 /* Day13.swift */,
				F0A30D7C21C4050A00965952 /* Day14.swift */,
				E0BAB0C021C5538D0079916F /* Day15.swift */,
				E0A56F8121C6A04E00E400C5 /* Day16.swift */,
				F00659F221C7FDD30045DAB5 /* Day17.swift */,
				F0E550E421C97F1700BCC754 /* Day18.swift */,
				F05846DC21CA990A00BC9D63 /* Day19.swift */,
				F0840D9421CBE335003286E9 /* Day20.swift */,
				F0CD607621CD2DD800D8EBA2 /* Day21.swift */,
			);
			path = Puzzles;
			sourceTree = "<group>";
		};
		E0B9869421B2B85C00649A62 /* Puzzle input */ = {
			isa = PBXGroup;
			children = (
				E0B9869721B2B89800649A62 /* Day01PuzzleInput.swift */,
				E0D0C48321B41E14001F231F /* Day02PuzzleInput.swift */,
				E0648FBB21B5546C000105DE /* Day03PuzzleInput.swift */,
				F099F1F721B6C02F00D37DE7 /* Day04PuzzleInput.swift */,
				E03684FC21B7F3E900CD589A /* Day05PuzzleInput.swift */,
				E01FE3D921B93A1900519D06 /* Day06PuzzleInput.swift */,
				F0D5A58A21BAB3EF0085C5C2 /* Day07PuzzleInput.swift */,
				E0D46C8521BBEDB6006C21DB /* Day08PuzzleInput.swift */,
				E07BB3E521BD4978003AF648 /* Day09PuzzleInput.swift */,
				E02CB3D021BE934900CABAD5 /* Day10PuzzleInput.swift */,
				F0FB0A8421BFF88400624F17 /* Day11PuzzleInput.swift */,
				F0F9A34921C16D8B00C4A5EA /* Day12PuzzleInput.swift */,
				F033431421C2CAB300A0B3A7 /* Day13PuzzleInput.swift */,
				F0A30D7A21C404FB00965952 /* Day14PuzzleInput.swift */,
				E0BAB0BE21C553800079916F /* Day15PuzzleInput.swift */,
				E0A56F7F21C6A04200E400C5 /* Day16PuzzleInput.swift */,
				F00659F021C7FDC50045DAB5 /* Day17PuzzleInput.swift */,
				F0E550E221C97F0F00BCC754 /* Day18PuzzleInput.swift */,
				F05846DA21CA990200BC9D63 /* Day19PuzzleInput.swift */,
				F0840D9221CBE32B003286E9 /* Day20PuzzleInput.swift */,
				F0CD607421CD2DCE00D8EBA2 /* Day21PuzzleInput.swift */,
			);
			path = "Puzzle input";
			sourceTree = "<group>";
		};
		E0D0C48521B430FA001F231F /* Extensions */ = {
			isa = PBXGroup;
			children = (
				E0D0C48621B4310B001F231F /* StringExtensions.swift */,
			);
			path = Extensions;
			sourceTree = "<group>";
		};
/* End PBXGroup section */

/* Begin PBXNativeTarget section */
		E0B9868821B2B78E00649A62 /* AdventOfCode2018 */ = {
			isa = PBXNativeTarget;
			buildConfigurationList = E0B9869021B2B78E00649A62 /* Build configuration list for PBXNativeTarget "AdventOfCode2018" */;
			buildPhases = (
				E0B9868521B2B78E00649A62 /* Sources */,
				E0B9868621B2B78E00649A62 /* Frameworks */,
				E0B9868721B2B78E00649A62 /* CopyFiles */,
			);
			buildRules = (
			);
			dependencies = (
			);
			name = AdventOfCode2018;
			productName = AdventOfCode2018;
			productReference = E0B9868921B2B78E00649A62 /* AdventOfCode2018 */;
			productType = "com.apple.product-type.tool";
		};
/* End PBXNativeTarget section */

/* Begin PBXProject section */
		E0B9868121B2B78E00649A62 /* Project object */ = {
			isa = PBXProject;
			attributes = {
				LastSwiftUpdateCheck = 1010;
				LastUpgradeCheck = 1010;
				ORGANIZATIONNAME = "Brian Prescott";
				TargetAttributes = {
					E0B9868821B2B78E00649A62 = {
						CreatedOnToolsVersion = 10.1;
					};
				};
			};
			buildConfigurationList = E0B9868421B2B78E00649A62 /* Build configuration list for PBXProject "AdventOfCode2018" */;
			compatibilityVersion = "Xcode 9.3";
			developmentRegion = en;
			hasScannedForEncodings = 0;
			knownRegions = (
				en,
			);
			mainGroup = E0B9868021B2B78E00649A62;
			productRefGroup = E0B9868A21B2B78E00649A62 /* Products */;
			projectDirPath = "";
			projectRoot = "";
			targets = (
				E0B9868821B2B78E00649A62 /* AdventOfCode2018 */,
			);
		};
/* End PBXProject section */

/* Begin PBXSourcesBuildPhase section */
		E0B9868521B2B78E00649A62 /* Sources */ = {
			isa = PBXSourcesBuildPhase;
			buildActionMask = 2147483647;
			files = (
				F0D5A58B21BAB3EF0085C5C2 /* Day07PuzzleInput.swift in Sources */,
				F00659F121C7FDC50045DAB5 /* Day17PuzzleInput.swift in Sources */,
				F0E550E321C97F0F00BCC754 /* Day18PuzzleInput.swift in Sources */,
				E01FE3DC21B93A2200519D06 /* Day06.swift in Sources */,
				E01FE3DF21B93B8000519D06 /* Point2D.swift in Sources */,
				F0C503EF21BEABB700654408 /* Rect2D.swift in Sources */,
				E03684FD21B7F3E900CD589A /* Day05PuzzleInput.swift in Sources */,
				F0840D9321CBE32B003286E9 /* Day20PuzzleInput.swift in Sources */,
				E0BAB0C121C5538D0079916F /* Day15.swift in Sources */,
				F00659F321C7FDD30045DAB5 /* Day17.swift in Sources */,
				F0840D9721CC0E9F003286E9 /* Stack.swift in Sources */,
				F0F9A34C21C16D9400C4A5EA /* Day12.swift in Sources */,
				E0D0C48721B4310B001F231F /* StringExtensions.swift in Sources */,
				E02CB3D521BE947700CABAD5 /* Particle2D.swift in Sources */,
				F0D5A58D21BAB3FB0085C5C2 /* Day07.swift in Sources */,
				E0A56F8221C6A04E00E400C5 /* Day16.swift in Sources */,
				F0FB0A8721BFF88D00624F17 /* Day11.swift in Sources */,
				E0B9868D21B2B78E00649A62 /* main.swift in Sources */,
				E0A56F8021C6A04200E400C5 /* Day16PuzzleInput.swift in Sources */,
				F0A30D7D21C4050A00965952 /* Day14.swift in Sources */,
				E0648FBC21B5546C000105DE /* Day03PuzzleInput.swift in Sources */,
				F0840D9521CBE335003286E9 /* Day20.swift in Sources */,
				E07BB3E821BD4984003AF648 /* Day09.swift in Sources */,
				F0CD607721CD2DD800D8EBA2 /* Day21.swift in Sources */,
				F0F9A34A21C16D8B00C4A5EA /* Day12PuzzleInput.swift in Sources */,
				E0BAB0BF21C553800079916F /* Day15PuzzleInput.swift in Sources */,
				F0A30D7B21C404FC00965952 /* Day14PuzzleInput.swift in Sources */,
				F0CD607521CD2DCE00D8EBA2 /* Day21PuzzleInput.swift in Sources */,
				E0D0C48421B41E14001F231F /* Day02PuzzleInput.swift in Sources */,
				E0D46C8621BBEDB6006C21DB /* Day08PuzzleInput.swift in Sources */,
				E03684FF21B7F3F400CD589A /* Day05.swift in Sources */,
				E0D46C8821BBEDC0006C21DB /* Day08.swift in Sources */,
				F099F1FA21B6C03C00D37DE7 /* Day04.swift in Sources */,
				F033431521C2CAB300A0B3A7 /* Day13PuzzleInput.swift in Sources */,
				F05846DB21CA990200BC9D63 /* Day19PuzzleInput.swift in Sources */,
				E02CB3D121BE934900CABAD5 /* Day10PuzzleInput.swift in Sources */,
				E0B9869821B2B89800649A62 /* Day01PuzzleInput.swift in Sources */,
				E02CB3D321BE935200CABAD5 /* Day10.swift in Sources */,
				F0FB0A8521BFF88400624F17 /* Day11PuzzleInput.swift in Sources */,
				E07BB3E621BD4978003AF648 /* Day09PuzzleInput.swift in Sources */,
				F099F1F821B6C02F00D37DE7 /* Day04PuzzleInput.swift in Sources */,
				E0D0C48221B41E01001F231F /* Day02.swift in Sources */,
				F0E550E521C97F1700BCC754 /* Day18.swift in Sources */,
				E0B9869621B2B87B00649A62 /* Day01.swift in Sources */,
				F033431721C2CABD00A0B3A7 /* Day13.swift in Sources */,
				E0648FBE21B55475000105DE /* Day03.swift in Sources */,
				E01FE3DA21B93A1900519D06 /* Day06PuzzleInput.swift in Sources */,
				F05846DD21CA990A00BC9D63 /* Day19.swift in Sources */,
			);
			runOnlyForDeploymentPostprocessing = 0;
		};
/* End PBXSourcesBuildPhase section */

/* Begin XCBuildConfiguration section */
		E0B9868E21B2B78E00649A62 /* Debug */ = {
			isa = XCBuildConfiguration;
			buildSettings = {
				ALWAYS_SEARCH_USER_PATHS = NO;
				CLANG_ANALYZER_NONNULL = YES;
				CLANG_ANALYZER_NUMBER_OBJECT_CONVERSION = YES_AGGRESSIVE;
				CLANG_CXX_LANGUAGE_STANDARD = "gnu++14";
				CLANG_CXX_LIBRARY = "libc++";
				CLANG_ENABLE_MODULES = YES;
				CLANG_ENABLE_OBJC_ARC = YES;
				CLANG_ENABLE_OBJC_WEAK = YES;
				CLANG_WARN_BLOCK_CAPTURE_AUTORELEASING = YES;
				CLANG_WARN_BOOL_CONVERSION = YES;
				CLANG_WARN_COMMA = YES;
				CLANG_WARN_CONSTANT_CONVERSION = YES;
				CLANG_WARN_DEPRECATED_OBJC_IMPLEMENTATIONS = YES;
				CLANG_WARN_DIRECT_OBJC_ISA_USAGE = YES_ERROR;
				CLANG_WARN_DOCUMENTATION_COMMENTS = YES;
				CLANG_WARN_EMPTY_BODY = YES;
				CLANG_WARN_ENUM_CONVERSION = YES;
				CLANG_WARN_INFINITE_RECURSION = YES;
				CLANG_WARN_INT_CONVERSION = YES;
				CLANG_WARN_NON_LITERAL_NULL_CONVERSION = YES;
				CLANG_WARN_OBJC_IMPLICIT_RETAIN_SELF = YES;
				CLANG_WARN_OBJC_LITERAL_CONVERSION = YES;
				CLANG_WARN_OBJC_ROOT_CLASS = YES_ERROR;
				CLANG_WARN_RANGE_LOOP_ANALYSIS = YES;
				CLANG_WARN_STRICT_PROTOTYPES = YES;
				CLANG_WARN_SUSPICIOUS_MOVE = YES;
				CLANG_WARN_UNGUARDED_AVAILABILITY = YES_AGGRESSIVE;
				CLANG_WARN_UNREACHABLE_CODE = YES;
				CLANG_WARN__DUPLICATE_METHOD_MATCH = YES;
				CODE_SIGN_IDENTITY = "Mac Developer";
				COPY_PHASE_STRIP = NO;
				DEBUG_INFORMATION_FORMAT = dwarf;
				ENABLE_STRICT_OBJC_MSGSEND = YES;
				ENABLE_TESTABILITY = YES;
				GCC_C_LANGUAGE_STANDARD = gnu11;
				GCC_DYNAMIC_NO_PIC = NO;
				GCC_NO_COMMON_BLOCKS = YES;
				GCC_OPTIMIZATION_LEVEL = 0;
				GCC_PREPROCESSOR_DEFINITIONS = (
					"DEBUG=1",
					"$(inherited)",
				);
				GCC_WARN_64_TO_32_BIT_CONVERSION = YES;
				GCC_WARN_ABOUT_RETURN_TYPE = YES_ERROR;
				GCC_WARN_UNDECLARED_SELECTOR = YES;
				GCC_WARN_UNINITIALIZED_AUTOS = YES_AGGRESSIVE;
				GCC_WARN_UNUSED_FUNCTION = YES;
				GCC_WARN_UNUSED_VARIABLE = YES;
				MACOSX_DEPLOYMENT_TARGET = 10.14;
				MTL_ENABLE_DEBUG_INFO = INCLUDE_SOURCE;
				MTL_FAST_MATH = YES;
				ONLY_ACTIVE_ARCH = YES;
				SDKROOT = macosx;
				SWIFT_ACTIVE_COMPILATION_CONDITIONS = DEBUG;
				SWIFT_OPTIMIZATION_LEVEL = "-Onone";
			};
			name = Debug;
		};
		E0B9868F21B2B78E00649A62 /* Release */ = {
			isa = XCBuildConfiguration;
			buildSettings = {
				ALWAYS_SEARCH_USER_PATHS = NO;
				CLANG_ANALYZER_NONNULL = YES;
				CLANG_ANALYZER_NUMBER_OBJECT_CONVERSION = YES_AGGRESSIVE;
				CLANG_CXX_LANGUAGE_STANDARD = "gnu++14";
				CLANG_CXX_LIBRARY = "libc++";
				CLANG_ENABLE_MODULES = YES;
				CLANG_ENABLE_OBJC_ARC = YES;
				CLANG_ENABLE_OBJC_WEAK = YES;
				CLANG_WARN_BLOCK_CAPTURE_AUTORELEASING = YES;
				CLANG_WARN_BOOL_CONVERSION = YES;
				CLANG_WARN_COMMA = YES;
				CLANG_WARN_CONSTANT_CONVERSION = YES;
				CLANG_WARN_DEPRECATED_OBJC_IMPLEMENTATIONS = YES;
				CLANG_WARN_DIRECT_OBJC_ISA_USAGE = YES_ERROR;
				CLANG_WARN_DOCUMENTATION_COMMENTS = YES;
				CLANG_WARN_EMPTY_BODY = YES;
				CLANG_WARN_ENUM_CONVERSION = YES;
				CLANG_WARN_INFINITE_RECURSION = YES;
				CLANG_WARN_INT_CONVERSION = YES;
				CLANG_WARN_NON_LITERAL_NULL_CONVERSION = YES;
				CLANG_WARN_OBJC_IMPLICIT_RETAIN_SELF = YES;
				CLANG_WARN_OBJC_LITERAL_CONVERSION = YES;
				CLANG_WARN_OBJC_ROOT_CLASS = YES_ERROR;
				CLANG_WARN_RANGE_LOOP_ANALYSIS = YES;
				CLANG_WARN_STRICT_PROTOTYPES = YES;
				CLANG_WARN_SUSPICIOUS_MOVE = YES;
				CLANG_WARN_UNGUARDED_AVAILABILITY = YES_AGGRESSIVE;
				CLANG_WARN_UNREACHABLE_CODE = YES;
				CLANG_WARN__DUPLICATE_METHOD_MATCH = YES;
				CODE_SIGN_IDENTITY = "Mac Developer";
				COPY_PHASE_STRIP = NO;
				DEBUG_INFORMATION_FORMAT = "dwarf-with-dsym";
				ENABLE_NS_ASSERTIONS = NO;
				ENABLE_STRICT_OBJC_MSGSEND = YES;
				GCC_C_LANGUAGE_STANDARD = gnu11;
				GCC_NO_COMMON_BLOCKS = YES;
				GCC_WARN_64_TO_32_BIT_CONVERSION = YES;
				GCC_WARN_ABOUT_RETURN_TYPE = YES_ERROR;
				GCC_WARN_UNDECLARED_SELECTOR = YES;
				GCC_WARN_UNINITIALIZED_AUTOS = YES_AGGRESSIVE;
				GCC_WARN_UNUSED_FUNCTION = YES;
				GCC_WARN_UNUSED_VARIABLE = YES;
				MACOSX_DEPLOYMENT_TARGET = 10.14;
				MTL_ENABLE_DEBUG_INFO = NO;
				MTL_FAST_MATH = YES;
				SDKROOT = macosx;
				SWIFT_COMPILATION_MODE = wholemodule;
				SWIFT_OPTIMIZATION_LEVEL = "-O";
			};
			name = Release;
		};
		E0B9869121B2B78E00649A62 /* Debug */ = {
			isa = XCBuildConfiguration;
			buildSettings = {
				CODE_SIGN_STYLE = Automatic;
				DEVELOPMENT_TEAM = D9KUNWHAM5;
				PRODUCT_NAME = "$(TARGET_NAME)";
				SWIFT_VERSION = 4.2;
			};
			name = Debug;
		};
		E0B9869221B2B78E00649A62 /* Release */ = {
			isa = XCBuildConfiguration;
			buildSettings = {
				CODE_SIGN_STYLE = Automatic;
				DEVELOPMENT_TEAM = D9KUNWHAM5;
				PRODUCT_NAME = "$(TARGET_NAME)";
				SWIFT_VERSION = 4.2;
			};
			name = Release;
		};
/* End XCBuildConfiguration section */

/* Begin XCConfigurationList section */
		E0B9868421B2B78E00649A62 /* Build configuration list for PBXProject "AdventOfCode2018" */ = {
			isa = XCConfigurationList;
			buildConfigurations = (
				E0B9868E21B2B78E00649A62 /* Debug */,
				E0B9868F21B2B78E00649A62 /* Release */,
			);
			defaultConfigurationIsVisible = 0;
			defaultConfigurationName = Release;
		};
		E0B9869021B2B78E00649A62 /* Build configuration list for PBXNativeTarget "AdventOfCode2018" */ = {
			isa = XCConfigurationList;
			buildConfigurations = (
				E0B9869121B2B78E00649A62 /* Debug */,
				E0B9869221B2B78E00649A62 /* Release */,
			);
			defaultConfigurationIsVisible = 0;
			defaultConfigurationName = Release;
		};
/* End XCConfigurationList section */
	};
	rootObject = E0B9868121B2B78E00649A62 /* Project object */;
}
